// !$*UTF8*$!
{
	archiveVersion = 1;
	classes = {
	};
	objectVersion = 46;
	objects = {

/* Begin PBXBuildFile section */
		C0CC8BBC1969264C00870423 /* Foundation.framework in Frameworks */ = {isa = PBXBuildFile; fileRef = C0CC8BBB1969264C00870423 /* Foundation.framework */; };
		C0CC8BBE1969264C00870423 /* CoreGraphics.framework in Frameworks */ = {isa = PBXBuildFile; fileRef = C0CC8BBD1969264C00870423 /* CoreGraphics.framework */; };
		C0CC8BC01969264C00870423 /* UIKit.framework in Frameworks */ = {isa = PBXBuildFile; fileRef = C0CC8BBF1969264C00870423 /* UIKit.framework */; };
		C0CC8BC61969264C00870423 /* InfoPlist.strings in Resources */ = {isa = PBXBuildFile; fileRef = C0CC8BC41969264C00870423 /* InfoPlist.strings */; };
		C0CC8BC81969264C00870423 /* main.m in Sources */ = {isa = PBXBuildFile; fileRef = C0CC8BC71969264C00870423 /* main.m */; };
		C0CC8BCC1969264C00870423 /* AppDelegate.m in Sources */ = {isa = PBXBuildFile; fileRef = C0CC8BCB1969264C00870423 /* AppDelegate.m */; };
		C0CC8BCE1969264C00870423 /* Images.xcassets in Resources */ = {isa = PBXBuildFile; fileRef = C0CC8BCD1969264C00870423 /* Images.xcassets */; };
		C0CC8BD51969264C00870423 /* XCTest.framework in Frameworks */ = {isa = PBXBuildFile; fileRef = C0CC8BD41969264C00870423 /* XCTest.framework */; };
		C0CC8BD61969264C00870423 /* Foundation.framework in Frameworks */ = {isa = PBXBuildFile; fileRef = C0CC8BBB1969264C00870423 /* Foundation.framework */; };
		C0CC8BD71969264C00870423 /* UIKit.framework in Frameworks */ = {isa = PBXBuildFile; fileRef = C0CC8BBF1969264C00870423 /* UIKit.framework */; };
		C0CC8BDF1969264C00870423 /* InfoPlist.strings in Resources */ = {isa = PBXBuildFile; fileRef = C0CC8BDD1969264C00870423 /* InfoPlist.strings */; };
		C0CC8BE11969264C00870423 /* MultiplyCellDemoTests.m in Sources */ = {isa = PBXBuildFile; fileRef = C0CC8BE01969264C00870423 /* MultiplyCellDemoTests.m */; };
		C0CC8BEC1969287000870423 /* RootViewController.m in Sources */ = {isa = PBXBuildFile; fileRef = C0CC8BEB1969287000870423 /* RootViewController.m */; };
		C0CC8BEF1969322300870423 /* FillFormCellInfo.m in Sources */ = {isa = PBXBuildFile; fileRef = C0CC8BEE1969322300870423 /* FillFormCellInfo.m */; };
		C0CC8BF11969325700870423 /* FillFormCell.xib in Resources */ = {isa = PBXBuildFile; fileRef = C0CC8BF01969325700870423 /* FillFormCell.xib */; };
		C0CC8BF41969A72700870423 /* NSDate+convenience.m in Sources */ = {isa = PBXBuildFile; fileRef = C0CC8BF31969A72700870423 /* NSDate+convenience.m */; };
/* End PBXBuildFile section */

/* Begin PBXContainerItemProxy section */
		C0CC8BD81969264C00870423 /* PBXContainerItemProxy */ = {
			isa = PBXContainerItemProxy;
			containerPortal = C0CC8BB01969264C00870423 /* Project object */;
			proxyType = 1;
			remoteGlobalIDString = C0CC8BB71969264C00870423;
			remoteInfo = MultiplyCellDemo;
		};
/* End PBXContainerItemProxy section */

/* Begin PBXFileReference section */
		C0CC8BB81969264C00870423 /* MultiplyCellDemo.app */ = {isa = PBXFileReference; explicitFileType = wrapper.application; includeInIndex = 0; path = MultiplyCellDemo.app; sourceTree = BUILT_PRODUCTS_DIR; };
		C0CC8BBB1969264C00870423 /* Foundation.framework */ = {isa = PBXFileReference; lastKnownFileType = wrapper.framework; name = Foundation.framework; path = System/Library/Frameworks/Foundation.framework; sourceTree = SDKROOT; };
		C0CC8BBD1969264C00870423 /* CoreGraphics.framework */ = {isa = PBXFileReference; lastKnownFileType = wrapper.framework; name = CoreGraphics.framework; path = System/Library/Frameworks/CoreGraphics.framework; sourceTree = SDKROOT; };
		C0CC8BBF1969264C00870423 /* UIKit.framework */ = {isa = PBXFileReference; lastKnownFileType = wrapper.framework; name = UIKit.framework; path = System/Library/Frameworks/UIKit.framework; sourceTree = SDKROOT; };
		C0CC8BC31969264C00870423 /* MultiplyCellDemo-Info.plist */ = {isa = PBXFileReference; lastKnownFileType = text.plist.xml; path = "MultiplyCellDemo-Info.plist"; sourceTree = "<group>"; };
		C0CC8BC51969264C00870423 /* en */ = {isa = PBXFileReference; lastKnownFileType = text.plist.strings; name = en; path = en.lproj/InfoPlist.strings; sourceTree = "<group>"; };
		C0CC8BC71969264C00870423 /* main.m */ = {isa = PBXFileReference; lastKnownFileType = sourcecode.c.objc; path = main.m; sourceTree = "<group>"; };
		C0CC8BC91969264C00870423 /* MultiplyCellDemo-Prefix.pch */ = {isa = PBXFileReference; lastKnownFileType = sourcecode.c.h; path = "MultiplyCellDemo-Prefix.pch"; sourceTree = "<group>"; };
		C0CC8BCA1969264C00870423 /* AppDelegate.h */ = {isa = PBXFileReference; lastKnownFileType = sourcecode.c.h; path = AppDelegate.h; sourceTree = "<group>"; };
		C0CC8BCB1969264C00870423 /* AppDelegate.m */ = {isa = PBXFileReference; lastKnownFileType = sourcecode.c.objc; path = AppDelegate.m; sourceTree = "<group>"; };
		C0CC8BCD1969264C00870423 /* Images.xcassets */ = {isa = PBXFileReference; lastKnownFileType = folder.assetcatalog; path = Images.xcassets; sourceTree = "<group>"; };
		C0CC8BD31969264C00870423 /* MultiplyCellDemoTests.xctest */ = {isa = PBXFileReference; explicitFileType = wrapper.cfbundle; includeInIndex = 0; path = MultiplyCellDemoTests.xctest; sourceTree = BUILT_PRODUCTS_DIR; };
		C0CC8BD41969264C00870423 /* XCTest.framework */ = {isa = PBXFileReference; lastKnownFileType = wrapper.framework; name = XCTest.framework; path = Library/Frameworks/XCTest.framework; sourceTree = DEVELOPER_DIR; };
		C0CC8BDC1969264C00870423 /* MultiplyCellDemoTests-Info.plist */ = {isa = PBXFileReference; lastKnownFileType = text.plist.xml; path = "MultiplyCellDemoTests-Info.plist"; sourceTree = "<group>"; };
		C0CC8BDE1969264C00870423 /* en */ = {isa = PBXFileReference; lastKnownFileType = text.plist.strings; name = en; path = en.lproj/InfoPlist.strings; sourceTree = "<group>"; };
		C0CC8BE01969264C00870423 /* MultiplyCellDemoTests.m */ = {isa = PBXFileReference; lastKnownFileType = sourcecode.c.objc; path = MultiplyCellDemoTests.m; sourceTree = "<group>"; };
		C0CC8BEA1969287000870423 /* RootViewController.h */ = {isa = PBXFileReference; fileEncoding = 4; lastKnownFileType = sourcecode.c.h; path = RootViewController.h; sourceTree = "<group>"; };
		C0CC8BEB1969287000870423 /* RootViewController.m */ = {isa = PBXFileReference; fileEncoding = 4; lastKnownFileType = sourcecode.c.objc; path = RootViewController.m; sourceTree = "<group>"; };
		C0CC8BED1969322300870423 /* FillFormCellInfo.h */ = {isa = PBXFileReference; fileEncoding = 4; lastKnownFileType = sourcecode.c.h; path = FillFormCellInfo.h; sourceTree = "<group>"; };
		C0CC8BEE1969322300870423 /* FillFormCellInfo.m */ = {isa = PBXFileReference; fileEncoding = 4; lastKnownFileType = sourcecode.c.objc; path = FillFormCellInfo.m; sourceTree = "<group>"; };
		C0CC8BF01969325700870423 /* FillFormCell.xib */ = {isa = PBXFileReference; fileEncoding = 4; lastKnownFileType = file.xib; path = FillFormCell.xib; sourceTree = "<group>"; };
		C0CC8BF21969A72700870423 /* NSDate+convenience.h */ = {isa = PBXFileReference; fileEncoding = 4; lastKnownFileType = sourcecode.c.h; path = "NSDate+convenience.h"; sourceTree = "<group>"; };
		C0CC8BF31969A72700870423 /* NSDate+convenience.m */ = {isa = PBXFileReference; fileEncoding = 4; lastKnownFileType = sourcecode.c.objc; path = "NSDate+convenience.m"; sourceTree = "<group>"; };
/* End PBXFileReference section */

/* Begin PBXFrameworksBuildPhase section */
		C0CC8BB51969264C00870423 /* Frameworks */ = {
			isa = PBXFrameworksBuildPhase;
			buildActionMask = 2147483647;
			files = (
				C0CC8BBE1969264C00870423 /* CoreGraphics.framework in Frameworks */,
				C0CC8BC01969264C00870423 /* UIKit.framework in Frameworks */,
				C0CC8BBC1969264C00870423 /* Foundation.framework in Frameworks */,
			);
			runOnlyForDeploymentPostprocessing = 0;
		};
		C0CC8BD01969264C00870423 /* Frameworks */ = {
			isa = PBXFrameworksBuildPhase;
			buildActionMask = 2147483647;
			files = (
				C0CC8BD51969264C00870423 /* XCTest.framework in Frameworks */,
				C0CC8BD71969264C00870423 /* UIKit.framework in Frameworks */,
				C0CC8BD61969264C00870423 /* Foundation.framework in Frameworks */,
			);
			runOnlyForDeploymentPostprocessing = 0;
		};
/* End PBXFrameworksBuildPhase section */

/* Begin PBXGroup section */
		C0CC8BAF1969264C00870423 = {
			isa = PBXGroup;
			children = (
				C0CC8BC11969264C00870423 /* MultiplyCellDemo */,
				C0CC8BDA1969264C00870423 /* MultiplyCellDemoTests */,
				C0CC8BBA1969264C00870423 /* Frameworks */,
				C0CC8BB91969264C00870423 /* Products */,
			);
			sourceTree = "<group>";
		};
		C0CC8BB91969264C00870423 /* Products */ = {
			isa = PBXGroup;
			children = (
				C0CC8BB81969264C00870423 /* MultiplyCellDemo.app */,
				C0CC8BD31969264C00870423 /* MultiplyCellDemoTests.xctest */,
			);
			name = Products;
			sourceTree = "<group>";
		};
		C0CC8BBA1969264C00870423 /* Frameworks */ = {
			isa = PBXGroup;
			children = (
				C0CC8BBB1969264C00870423 /* Foundation.framework */,
				C0CC8BBD1969264C00870423 /* CoreGraphics.framework */,
				C0CC8BBF1969264C00870423 /* UIKit.framework */,
				C0CC8BD41969264C00870423 /* XCTest.framework */,
			);
			name = Frameworks;
			sourceTree = "<group>";
		};
		C0CC8BC11969264C00870423 /* MultiplyCellDemo */ = {
			isa = PBXGroup;
			children = (
				C0CC8BCA1969264C00870423 /* AppDelegate.h */,
				C0CC8BCB1969264C00870423 /* AppDelegate.m */,
				C0CC8BCD1969264C00870423 /* Images.xcassets */,
				C0CC8BC21969264C00870423 /* Supporting Files */,
				C0CC8BEA1969287000870423 /* RootViewController.h */,
				C0CC8BEB1969287000870423 /* RootViewController.m */,
				C0CC8BED1969322300870423 /* FillFormCellInfo.h */,
				C0CC8BEE1969322300870423 /* FillFormCellInfo.m */,
				C0CC8BF01969325700870423 /* FillFormCell.xib */,
				C0CC8BF21969A72700870423 /* NSDate+convenience.h */,
				C0CC8BF31969A72700870423 /* NSDate+convenience.m */,
			);
			path = MultiplyCellDemo;
			sourceTree = "<group>";
		};
		C0CC8BC21969264C00870423 /* Supporting Files */ = {
			isa = PBXGroup;
			children = (
				C0CC8BC31969264C00870423 /* MultiplyCellDemo-Info.plist */,
				C0CC8BC41969264C00870423 /* InfoPlist.strings */,
				C0CC8BC71969264C00870423 /* main.m */,
				C0CC8BC91969264C00870423 /* MultiplyCellDemo-Prefix.pch */,
			);
			name = "Supporting Files";
			sourceTree = "<group>";
		};
		C0CC8BDA1969264C00870423 /* MultiplyCellDemoTests */ = {
			isa = PBXGroup;
			children = (
				C0CC8BE01969264C00870423 /* MultiplyCellDemoTests.m */,
				C0CC8BDB1969264C00870423 /* Supporting Files */,
			);
			path = MultiplyCellDemoTests;
			sourceTree = "<group>";
		};
		C0CC8BDB1969264C00870423 /* Supporting Files */ = {
			isa = PBXGroup;
			children = (
				C0CC8BDC1969264C00870423 /* MultiplyCellDemoTests-Info.plist */,
				C0CC8BDD1969264C00870423 /* InfoPlist.strings */,
			);
			name = "Supporting Files";
			sourceTree = "<group>";
		};
/* End PBXGroup section */

/* Begin PBXNativeTarget section */
		C0CC8BB71969264C00870423 /* MultiplyCellDemo */ = {
			isa = PBXNativeTarget;
			buildConfigurationList = C0CC8BE41969264C00870423 /* Build configuration list for PBXNativeTarget "MultiplyCellDemo" */;
			buildPhases = (
				C0CC8BB41969264C00870423 /* Sources */,
				C0CC8BB51969264C00870423 /* Frameworks */,
				C0CC8BB61969264C00870423 /* Resources */,
			);
			buildRules = (
			);
			dependencies = (
			);
			name = MultiplyCellDemo;
			productName = MultiplyCellDemo;
			productReference = C0CC8BB81969264C00870423 /* MultiplyCellDemo.app */;
			productType = "com.apple.product-type.application";
		};
		C0CC8BD21969264C00870423 /* MultiplyCellDemoTests */ = {
			isa = PBXNativeTarget;
			buildConfigurationList = C0CC8BE71969264C00870423 /* Build configuration list for PBXNativeTarget "MultiplyCellDemoTests" */;
			buildPhases = (
				C0CC8BCF1969264C00870423 /* Sources */,
				C0CC8BD01969264C00870423 /* Frameworks */,
				C0CC8BD11969264C00870423 /* Resources */,
			);
			buildRules = (
			);
			dependencies = (
				C0CC8BD91969264C00870423 /* PBXTargetDependency */,
			);
			name = MultiplyCellDemoTests;
			productName = MultiplyCellDemoTests;
			productReference = C0CC8BD31969264C00870423 /* MultiplyCellDemoTests.xctest */;
			productType = "com.apple.product-type.bundle.unit-test";
		};
/* End PBXNativeTarget section */

/* Begin PBXProject section */
		C0CC8BB01969264C00870423 /* Project object */ = {
			isa = PBXProject;
			attributes = {
				LastUpgradeCheck = 0510;
				ORGANIZATIONNAME = Shinancao;
				TargetAttributes = {
					C0CC8BD21969264C00870423 = {
						TestTargetID = C0CC8BB71969264C00870423;
					};
				};
			};
			buildConfigurationList = C0CC8BB31969264C00870423 /* Build configuration list for PBXProject "MultiplyCellDemo" */;
			compatibilityVersion = "Xcode 3.2";
			developmentRegion = English;
			hasScannedForEncodings = 0;
			knownRegions = (
				en,
			);
			mainGroup = C0CC8BAF1969264C00870423;
			productRefGroup = C0CC8BB91969264C00870423 /* Products */;
			projectDirPath = "";
			projectRoot = "";
			targets = (
				C0CC8BB71969264C00870423 /* MultiplyCellDemo */,
				C0CC8BD21969264C00870423 /* MultiplyCellDemoTests */,
			);
		};
/* End PBXProject section */

/* Begin PBXResourcesBuildPhase section */
		C0CC8BB61969264C00870423 /* Resources */ = {
			isa = PBXResourcesBuildPhase;
			buildActionMask = 2147483647;
			files = (
				C0CC8BC61969264C00870423 /* InfoPlist.strings in Resources */,
				C0CC8BF11969325700870423 /* FillFormCell.xib in Resources */,
				C0CC8BCE1969264C00870423 /* Images.xcassets in Resources */,
			);
			runOnlyForDeploymentPostprocessing = 0;
		};
		C0CC8BD11969264C00870423 /* Resources */ = {
			isa = PBXResourcesBuildPhase;
			buildActionMask = 2147483647;
			files = (
				C0CC8BDF1969264C00870423 /* InfoPlist.strings in Resources */,
			);
			runOnlyForDeploymentPostprocessing = 0;
		};
/* End PBXResourcesBuildPhase section */

/* Begin PBXSourcesBuildPhase section */
		C0CC8BB41969264C00870423 /* Sources */ = {
			isa = PBXSourcesBuildPhase;
			buildActionMask = 2147483647;
			files = (
				C0CC8BEF1969322300870423 /* FillFormCellInfo.m in Sources */,
				C0CC8BCC1969264C00870423 /* AppDelegate.m in Sources */,
				C0CC8BC81969264C00870423 /* main.m in Sources */,
				C0CC8BF41969A72700870423 /* NSDate+convenience.m in Sources */,
				C0CC8BEC1969287000870423 /* RootViewController.m in Sources */,
			);
			runOnlyForDeploymentPostprocessing = 0;
		};
		C0CC8BCF1969264C00870423 /* Sources */ = {
			isa = PBXSourcesBuildPhase;
			buildActionMask = 2147483647;
			files = (
				C0CC8BE11969264C00870423 /* MultiplyCellDemoTests.m in Sources */,
			);
			runOnlyForDeploymentPostprocessing = 0;
		};
/* End PBXSourcesBuildPhase section */

/* Begin PBXTargetDependency section */
		C0CC8BD91969264C00870423 /* PBXTargetDependency */ = {
			isa = PBXTargetDependency;
			target = C0CC8BB71969264C00870423 /* MultiplyCellDemo */;
			targetProxy = C0CC8BD81969264C00870423 /* PBXContainerItemProxy */;
		};
/* End PBXTargetDependency section */

/* Begin PBXVariantGroup section */
		C0CC8BC41969264C00870423 /* InfoPlist.strings */ = {
			isa = PBXVariantGroup;
			children = (
				C0CC8BC51969264C00870423 /* en */,
			);
			name = InfoPlist.strings;
			sourceTree = "<group>";
		};
		C0CC8BDD1969264C00870423 /* InfoPlist.strings */ = {
			isa = PBXVariantGroup;
			children = (
				C0CC8BDE1969264C00870423 /* en */,
			);
			name = InfoPlist.strings;
			sourceTree = "<group>";
		};
/* End PBXVariantGroup section */

/* Begin XCBuildConfiguration section */
		C0CC8BE21969264C00870423 /* Debug */ = {
			isa = XCBuildConfiguration;
			buildSettings = {
				ALWAYS_SEARCH_USER_PATHS = NO;
				CLANG_CXX_LANGUAGE_STANDARD = "gnu++0x";
				CLANG_CXX_LIBRARY = "libc++";
				CLANG_ENABLE_MODULES = YES;
				CLANG_ENABLE_OBJC_ARC = YES;
				CLANG_WARN_BOOL_CONVERSION = YES;
				CLANG_WARN_CONSTANT_CONVERSION = YES;
				CLANG_WARN_DIRECT_OBJC_ISA_USAGE = YES_ERROR;
				CLANG_WARN_EMPTY_BODY = YES;
				CLANG_WARN_ENUM_CONVERSION = YES;
				CLANG_WARN_INT_CONVERSION = YES;
				CLANG_WARN_OBJC_ROOT_CLASS = YES_ERROR;
				CLANG_WARN__DUPLICATE_METHOD_MATCH = YES;
				"CODE_SIGN_IDENTITY[sdk=iphoneos*]" = "iPhone Developer";
				COPY_PHASE_STRIP = NO;
				GCC_C_LANGUAGE_STANDARD = gnu99;
				GCC_DYNAMIC_NO_PIC = NO;
				GCC_OPTIMIZATION_LEVEL = 0;
				GCC_PREPROCESSOR_DEFINITIONS = (
					"DEBUG=1",
					"$(inherited)",
				);
				GCC_SYMBOLS_PRIVATE_EXTERN = NO;
				GCC_WARN_64_TO_32_BIT_CONVERSION = YES;
				GCC_WARN_ABOUT_RETURN_TYPE = YES_ERROR;
				GCC_WARN_UNDECLARED_SELECTOR = YES;
				GCC_WARN_UNINITIALIZED_AUTOS = YES_AGGRESSIVE;
				GCC_WARN_UNUSED_FUNCTION = YES;
				GCC_WARN_UNUSED_VARIABLE = YES;
				IPHONEOS_DEPLOYMENT_TARGET = 7.1;
				ONLY_ACTIVE_ARCH = YES;
				SDKROOT = iphoneos;
			};
			name = Debug;
		};
		C0CC8BE31969264C00870423 /* Release */ = {
			isa = XCBuildConfiguration;
			buildSettings = {
				ALWAYS_SEARCH_USER_PATHS = NO;
				CLANG_CXX_LANGUAGE_STANDARD = "gnu++0x";
				CLANG_CXX_LIBRARY = "libc++";
				CLANG_ENABLE_MODULES = YES;
				CLANG_ENABLE_OBJC_ARC = YES;
				CLANG_WARN_BOOL_CONVERSION = YES;
				CLANG_WARN_CONSTANT_CONVERSION = YES;
				CLANG_WARN_DIRECT_OBJC_ISA_USAGE = YES_ERROR;
				CLANG_WARN_EMPTY_BODY = YES;
				CLANG_WARN_ENUM_CONVERSION = YES;
				CLANG_WARN_INT_CONVERSION = YES;
				CLANG_WARN_OBJC_ROOT_CLASS = YES_ERROR;
				CLANG_WARN__DUPLICATE_METHOD_MATCH = YES;
				"CODE_SIGN_IDENTITY[sdk=iphoneos*]" = "iPhone Developer";
				COPY_PHASE_STRIP = YES;
				ENABLE_NS_ASSERTIONS = NO;
				GCC_C_LANGUAGE_STANDARD = gnu99;
				GCC_WARN_64_TO_32_BIT_CONVERSION = YES;
				GCC_WARN_ABOUT_RETURN_TYPE = YES_ERROR;
				GCC_WARN_UNDECLARED_SELECTOR = YES;
				GCC_WARN_UNINITIALIZED_AUTOS = YES_AGGRESSIVE;
				GCC_WARN_UNUSED_FUNCTION = YES;
				GCC_WARN_UNUSED_VARIABLE = YES;
				IPHONEOS_DEPLOYMENT_TARGET = 7.1;
				SDKROOT = iphoneos;
				VALIDATE_PRODUCT = YES;
			};
			name = Release;
		};
		C0CC8BE51969264C00870423 /* Debug */ = {
			isa = XCBuildConfiguration;
			buildSettings = {
				ASSETCATALOG_COMPILER_APPICON_NAME = AppIcon;
				ASSETCATALOG_COMPILER_LAUNCHIMAGE_NAME = LaunchImage;
				GCC_PRECOMPILE_PREFIX_HEADER = YES;
				GCC_PREFIX_HEADER = "MultiplyCellDemo/MultiplyCellDemo-Prefix.pch";
				INFOPLIST_FILE = "MultiplyCellDemo/MultiplyCellDemo-Info.plist";
				PRODUCT_NAME = "$(TARGET_NAME)";
				WRAPPER_EXTENSION = app;
			};
			name = Debug;
		};
		C0CC8BE61969264C00870423 /* Release */ = {
			isa = XCBuildConfiguration;
			buildSettings = {
				ASSETCATALOG_COMPILER_APPICON_NAME = AppIcon;
				ASSETCATALOG_COMPILER_LAUNCHIMAGE_NAME = LaunchImage;
				GCC_PRECOMPILE_PREFIX_HEADER = YES;
				GCC_PREFIX_HEADER = "MultiplyCellDemo/MultiplyCellDemo-Prefix.pch";
				INFOPLIST_FILE = "MultiplyCellDemo/MultiplyCellDemo-Info.plist";
				PRODUCT_NAME = "$(TARGET_NAME)";
				WRAPPER_EXTENSION = app;
			};
			name = Release;
		};
		C0CC8BE81969264C00870423 /* Debug */ = {
			isa = XCBuildConfiguration;
			buildSettings = {
				BUNDLE_LOADER = "$(BUILT_PRODUCTS_DIR)/MultiplyCellDemo.app/MultiplyCellDemo";
				FRAMEWORK_SEARCH_PATHS = (
					"$(SDKROOT)/Developer/Library/Frameworks",
					"$(inherited)",
					"$(DEVELOPER_FRAMEWORKS_DIR)",
				);
				GCC_PRECOMPILE_PREFIX_HEADER = YES;
				GCC_PREFIX_HEADER = "MultiplyCellDemo/MultiplyCellDemo-Prefix.pch";
				GCC_PREPROCESSOR_DEFINITIONS = (
					"DEBUG=1",
					"$(inherited)",
				);
				INFOPLIST_FILE = "MultiplyCellDemoTests/MultiplyCellDemoTests-Info.plist";
				PRODUCT_NAME = "$(TARGET_NAME)";
				TEST_HOST = "$(BUNDLE_LOADER)";
				WRAPPER_EXTENSION = xctest;
			};
			name = Debug;
		};
		C0CC8BE91969264C00870423 /* Release */ = {
			isa = XCBuildConfiguration;
			buildSettings = {
				BUNDLE_LOADER = "$(BUILT_PRODUCTS_DIR)/MultiplyCellDemo.app/MultiplyCellDemo";
				FRAMEWORK_SEARCH_PATHS = (
					"$(SDKROOT)/Developer/Library/Frameworks",
					"$(inherited)",
					"$(DEVELOPER_FRAMEWORKS_DIR)",
				);
				GCC_PRECOMPILE_PREFIX_HEADER = YES;
				GCC_PREFIX_HEADER = "MultiplyCellDemo/MultiplyCellDemo-Prefix.pch";
				INFOPLIST_FILE = "MultiplyCellDemoTests/MultiplyCellDemoTests-Info.plist";
				PRODUCT_NAME = "$(TARGET_NAME)";
				TEST_HOST = "$(BUNDLE_LOADER)";
				WRAPPER_EXTENSION = xctest;
			};
			name = Release;
		};
/* End XCBuildConfiguration section */

/* Begin XCConfigurationList section */
		C0CC8BB31969264C00870423 /* Build configuration list for PBXProject "MultiplyCellDemo" */ = {
			isa = XCConfigurationList;
			buildConfigurations = (
				C0CC8BE21969264C00870423 /* Debug */,
				C0CC8BE31969264C00870423 /* Release */,
			);
			defaultConfigurationIsVisible = 0;
			defaultConfigurationName = Release;
		};
		C0CC8BE41969264C00870423 /* Build configuration list for PBXNativeTarget "MultiplyCellDemo" */ = {
			isa = XCConfigurationList;
			buildConfigurations = (
				C0CC8BE51969264C00870423 /* Debug */,
				C0CC8BE61969264C00870423 /* Release */,
			);
			defaultConfigurationIsVisible = 0;
		};
		C0CC8BE71969264C00870423 /* Build configuration list for PBXNativeTarget "MultiplyCellDemoTests" */ = {
			isa = XCConfigurationList;
			buildConfigurations = (
				C0CC8BE81969264C00870423 /* Debug */,
				C0CC8BE91969264C00870423 /* Release */,
			);
			defaultConfigurationIsVisible = 0;
		};
/* End XCConfigurationList section */
	};
	rootObject = C0CC8BB01969264C00870423 /* Project object */;
}
